// !$*UTF8*$!
{
	archiveVersion = 1;
	classes = {
	};
	objectVersion = 46;
	objects = {

/* Begin PBXBuildFile section */
		FC97900E1B8A3AAD001AAC0A /* PanicTests.swift in Sources */ = {isa = PBXBuildFile; fileRef = FC97900D1B8A3AAD001AAC0A /* PanicTests.swift */; };
		FC9790191B8A3B76001AAC0A /* ViewController.swift in Sources */ = {isa = PBXBuildFile; fileRef = FC9790181B8A3B76001AAC0A /* ViewController.swift */; };
		FC97901C1B8A3B7F001AAC0A /* Panic.xcdatamodeld in Sources */ = {isa = PBXBuildFile; fileRef = FC97901A1B8A3B7F001AAC0A /* Panic.xcdatamodeld */; };
		FC9790241B8A3B85001AAC0A /* Alamofire.swift in Sources */ = {isa = PBXBuildFile; fileRef = FC97901D1B8A3B85001AAC0A /* Alamofire.swift */; };
		FC9790251B8A3B85001AAC0A /* AppDelegate.swift in Sources */ = {isa = PBXBuildFile; fileRef = FC97901E1B8A3B85001AAC0A /* AppDelegate.swift */; };
		FC9790281B8A3B85001AAC0A /* Images.xcassets in Resources */ = {isa = PBXBuildFile; fileRef = FC9790211B8A3B85001AAC0A /* Images.xcassets */; };
		FC97902D1B8A3BDC001AAC0A /* LaunchScreen.xib in Resources */ = {isa = PBXBuildFile; fileRef = FC97902B1B8A3BDC001AAC0A /* LaunchScreen.xib */; };
		FC97902E1B8A3BDC001AAC0A /* Main.storyboard in Resources */ = {isa = PBXBuildFile; fileRef = FC97902C1B8A3BDC001AAC0A /* Main.storyboard */; };
		FC97903A1B8A3C7D001AAC0A /* MKButton.swift in Sources */ = {isa = PBXBuildFile; fileRef = FC9790331B8A3C7D001AAC0A /* MKButton.swift */; };
		FC97903B1B8A3C7D001AAC0A /* MKColor.swift in Sources */ = {isa = PBXBuildFile; fileRef = FC9790341B8A3C7D001AAC0A /* MKColor.swift */; };
		FC97903C1B8A3C7D001AAC0A /* MKImageView.swift in Sources */ = {isa = PBXBuildFile; fileRef = FC9790351B8A3C7D001AAC0A /* MKImageView.swift */; };
		FC97903D1B8A3C7D001AAC0A /* MKLabel.swift in Sources */ = {isa = PBXBuildFile; fileRef = FC9790361B8A3C7D001AAC0A /* MKLabel.swift */; };
		FC97903E1B8A3C7D001AAC0A /* MKLayer.swift in Sources */ = {isa = PBXBuildFile; fileRef = FC9790371B8A3C7D001AAC0A /* MKLayer.swift */; };
		FC97903F1B8A3C7D001AAC0A /* MKTableViewCell.swift in Sources */ = {isa = PBXBuildFile; fileRef = FC9790381B8A3C7D001AAC0A /* MKTableViewCell.swift */; };
		FC9790401B8A3C7D001AAC0A /* MKTextField.swift in Sources */ = {isa = PBXBuildFile; fileRef = FC9790391B8A3C7D001AAC0A /* MKTextField.swift */; };
		FC9790441B8A3CB2001AAC0A /* Info.plist in Resources */ = {isa = PBXBuildFile; fileRef = FC9790431B8A3CB2001AAC0A /* Info.plist */; };
		FC9790461B8A4A7D001AAC0A /* CallAPhone.swift in Sources */ = {isa = PBXBuildFile; fileRef = FC9790451B8A4A7D001AAC0A /* CallAPhone.swift */; };
		FC9790491B8A4F14001AAC0A /* SettingsViewController.swift in Sources */ = {isa = PBXBuildFile; fileRef = FC9790481B8A4F14001AAC0A /* SettingsViewController.swift */; };
		FC97904D1B8A53F0001AAC0A /* Location.swift in Sources */ = {isa = PBXBuildFile; fileRef = FC97904C1B8A53F0001AAC0A /* Location.swift */; };
		FC97904F1B8A5587001AAC0A /* AlertForUserLocation.swift in Sources */ = {isa = PBXBuildFile; fileRef = FC97904E1B8A5587001AAC0A /* AlertForUserLocation.swift */; };
		FC9790511B8A55E6001AAC0A /* SendMessage.swift in Sources */ = {isa = PBXBuildFile; fileRef = FC9790501B8A55E6001AAC0A /* SendMessage.swift */; };
		FC9790531B8A57C2001AAC0A /* ReverseGeocode.swift in Sources */ = {isa = PBXBuildFile; fileRef = FC9790521B8A57C2001AAC0A /* ReverseGeocode.swift */; };
		FC9790551B8A57F0001AAC0A /* Constants.swift in Sources */ = {isa = PBXBuildFile; fileRef = FC9790541B8A57F0001AAC0A /* Constants.swift */; };
		FC9790571B8A59FE001AAC0A /* RESTCall.swift in Sources */ = {isa = PBXBuildFile; fileRef = FC9790561B8A59FE001AAC0A /* RESTCall.swift */; };
		FC9790591B8A5AB7001AAC0A /* SwiftyJSON.swift in Sources */ = {isa = PBXBuildFile; fileRef = FC9790581B8A5AB7001AAC0A /* SwiftyJSON.swift */; };
/* End PBXBuildFile section */

/* Begin PBXContainerItemProxy section */
		FC9790081B8A3AAD001AAC0A /* PBXContainerItemProxy */ = {
			isa = PBXContainerItemProxy;
			containerPortal = FC978FE71B8A3AAD001AAC0A /* Project object */;
			proxyType = 1;
			remoteGlobalIDString = FC978FEE1B8A3AAD001AAC0A;
			remoteInfo = Panic;
		};
/* End PBXContainerItemProxy section */

/* Begin PBXFileReference section */
		FC978FEF1B8A3AAD001AAC0A /* Panic.app */ = {isa = PBXFileReference; explicitFileType = wrapper.application; includeInIndex = 0; path = Panic.app; sourceTree = BUILT_PRODUCTS_DIR; };
		FC9790071B8A3AAD001AAC0A /* PanicTests.xctest */ = {isa = PBXFileReference; explicitFileType = wrapper.cfbundle; includeInIndex = 0; path = PanicTests.xctest; sourceTree = BUILT_PRODUCTS_DIR; };
		FC97900C1B8A3AAD001AAC0A /* Info.plist */ = {isa = PBXFileReference; lastKnownFileType = text.plist.xml; path = Info.plist; sourceTree = "<group>"; };
		FC97900D1B8A3AAD001AAC0A /* PanicTests.swift */ = {isa = PBXFileReference; lastKnownFileType = sourcecode.swift; path = PanicTests.swift; sourceTree = "<group>"; };
		FC9790171B8A3B75001AAC0A /* Panic-Bridging-Header.h */ = {isa = PBXFileReference; lastKnownFileType = sourcecode.c.h; path = "Panic-Bridging-Header.h"; sourceTree = "<group>"; };
		FC9790181B8A3B76001AAC0A /* ViewController.swift */ = {isa = PBXFileReference; fileEncoding = 4; lastKnownFileType = sourcecode.swift; name = ViewController.swift; path = Controller/ViewController.swift; sourceTree = "<group>"; };
		FC97901B1B8A3B7F001AAC0A /* Panic.xcdatamodel */ = {isa = PBXFileReference; lastKnownFileType = wrapper.xcdatamodel; path = Panic.xcdatamodel; sourceTree = "<group>"; };
		FC97901D1B8A3B85001AAC0A /* Alamofire.swift */ = {isa = PBXFileReference; fileEncoding = 4; lastKnownFileType = sourcecode.swift; name = Alamofire.swift; path = SupportingFiles/Alamofire.swift; sourceTree = "<group>"; };
		FC97901E1B8A3B85001AAC0A /* AppDelegate.swift */ = {isa = PBXFileReference; fileEncoding = 4; lastKnownFileType = sourcecode.swift; name = AppDelegate.swift; path = SupportingFiles/AppDelegate.swift; sourceTree = "<group>"; };
		FC9790211B8A3B85001AAC0A /* Images.xcassets */ = {isa = PBXFileReference; lastKnownFileType = folder.assetcatalog; name = Images.xcassets; path = SupportingFiles/Images.xcassets; sourceTree = "<group>"; };
		FC97902B1B8A3BDC001AAC0A /* LaunchScreen.xib */ = {isa = PBXFileReference; fileEncoding = 4; lastKnownFileType = file.xib; name = LaunchScreen.xib; path = View/LaunchScreen.xib; sourceTree = "<group>"; };
		FC97902C1B8A3BDC001AAC0A /* Main.storyboard */ = {isa = PBXFileReference; fileEncoding = 4; lastKnownFileType = file.storyboard; name = Main.storyboard; path = View/Main.storyboard; sourceTree = "<group>"; };
		FC9790331B8A3C7D001AAC0A /* MKButton.swift */ = {isa = PBXFileReference; fileEncoding = 4; lastKnownFileType = sourcecode.swift; name = MKButton.swift; path = SupportingFiles/MaterialKit/MKButton.swift; sourceTree = "<group>"; };
		FC9790341B8A3C7D001AAC0A /* MKColor.swift */ = {isa = PBXFileReference; fileEncoding = 4; lastKnownFileType = sourcecode.swift; name = MKColor.swift; path = SupportingFiles/MaterialKit/MKColor.swift; sourceTree = "<group>"; };
		FC9790351B8A3C7D001AAC0A /* MKImageView.swift */ = {isa = PBXFileReference; fileEncoding = 4; lastKnownFileType = sourcecode.swift; name = MKImageView.swift; path = SupportingFiles/MaterialKit/MKImageView.swift; sourceTree = "<group>"; };
		FC9790361B8A3C7D001AAC0A /* MKLabel.swift */ = {isa = PBXFileReference; fileEncoding = 4; lastKnownFileType = sourcecode.swift; name = MKLabel.swift; path = SupportingFiles/MaterialKit/MKLabel.swift; sourceTree = "<group>"; };
		FC9790371B8A3C7D001AAC0A /* MKLayer.swift */ = {isa = PBXFileReference; fileEncoding = 4; lastKnownFileType = sourcecode.swift; name = MKLayer.swift; path = SupportingFiles/MaterialKit/MKLayer.swift; sourceTree = "<group>"; };
		FC9790381B8A3C7D001AAC0A /* MKTableViewCell.swift */ = {isa = PBXFileReference; fileEncoding = 4; lastKnownFileType = sourcecode.swift; name = MKTableViewCell.swift; path = SupportingFiles/MaterialKit/MKTableViewCell.swift; sourceTree = "<group>"; };
		FC9790391B8A3C7D001AAC0A /* MKTextField.swift */ = {isa = PBXFileReference; fileEncoding = 4; lastKnownFileType = sourcecode.swift; name = MKTextField.swift; path = SupportingFiles/MaterialKit/MKTextField.swift; sourceTree = "<group>"; };
		FC9790431B8A3CB2001AAC0A /* Info.plist */ = {isa = PBXFileReference; fileEncoding = 4; lastKnownFileType = text.plist.xml; name = Info.plist; path = SupportingFiles/Info.plist; sourceTree = "<group>"; };
		FC9790451B8A4A7D001AAC0A /* CallAPhone.swift */ = {isa = PBXFileReference; fileEncoding = 4; lastKnownFileType = sourcecode.swift; name = CallAPhone.swift; path = Networking/CallAPhone.swift; sourceTree = "<group>"; };
		FC9790481B8A4F14001AAC0A /* SettingsViewController.swift */ = {isa = PBXFileReference; fileEncoding = 4; lastKnownFileType = sourcecode.swift; name = SettingsViewController.swift; path = Controller/SettingsViewController.swift; sourceTree = "<group>"; };
		FC97904C1B8A53F0001AAC0A /* Location.swift */ = {isa = PBXFileReference; fileEncoding = 4; lastKnownFileType = sourcecode.swift; name = Location.swift; path = Networking/Location.swift; sourceTree = "<group>"; };
		FC97904E1B8A5587001AAC0A /* AlertForUserLocation.swift */ = {isa = PBXFileReference; fileEncoding = 4; lastKnownFileType = sourcecode.swift; name = AlertForUserLocation.swift; path = Networking/AlertForUserLocation.swift; sourceTree = "<group>"; };
		FC9790501B8A55E6001AAC0A /* SendMessage.swift */ = {isa = PBXFileReference; fileEncoding = 4; lastKnownFileType = sourcecode.swift; name = SendMessage.swift; path = Networking/SendMessage.swift; sourceTree = "<group>"; };
		FC9790521B8A57C2001AAC0A /* ReverseGeocode.swift */ = {isa = PBXFileReference; fileEncoding = 4; lastKnownFileType = sourcecode.swift; name = ReverseGeocode.swift; path = Networking/ReverseGeocode.swift; sourceTree = "<group>"; };
		FC9790541B8A57F0001AAC0A /* Constants.swift */ = {isa = PBXFileReference; fileEncoding = 4; lastKnownFileType = sourcecode.swift; name = Constants.swift; path = SupportingFiles/Constants.swift; sourceTree = "<group>"; };
		FC9790561B8A59FE001AAC0A /* RESTCall.swift */ = {isa = PBXFileReference; fileEncoding = 4; lastKnownFileType = sourcecode.swift; name = RESTCall.swift; path = Networking/RESTCall.swift; sourceTree = "<group>"; };
		FC9790581B8A5AB7001AAC0A /* SwiftyJSON.swift */ = {isa = PBXFileReference; fileEncoding = 4; lastKnownFileType = sourcecode.swift; name = SwiftyJSON.swift; path = SupportingFiles/SwiftyJSON.swift; sourceTree = "<group>"; };
/* End PBXFileReference section */

/* Begin PBXFrameworksBuildPhase section */
		FC978FEC1B8A3AAD001AAC0A /* Frameworks */ = {
			isa = PBXFrameworksBuildPhase;
			buildActionMask = 2147483647;
			files = (
			);
			runOnlyForDeploymentPostprocessing = 0;
		};
		FC9790041B8A3AAD001AAC0A /* Frameworks */ = {
			isa = PBXFrameworksBuildPhase;
			buildActionMask = 2147483647;
			files = (
			);
			runOnlyForDeploymentPostprocessing = 0;
		};
/* End PBXFrameworksBuildPhase section */

/* Begin PBXGroup section */
		FC978FE61B8A3AAD001AAC0A = {
			isa = PBXGroup;
			children = (
				FC978FF11B8A3AAD001AAC0A /* Panic */,
				FC97900A1B8A3AAD001AAC0A /* PanicTests */,
				FC978FF01B8A3AAD001AAC0A /* Products */,
			);
			sourceTree = "<group>";
		};
		FC978FF01B8A3AAD001AAC0A /* Products */ = {
			isa = PBXGroup;
			children = (
				FC978FEF1B8A3AAD001AAC0A /* Panic.app */,
				FC9790071B8A3AAD001AAC0A /* PanicTests.xctest */,
			);
			name = Products;
			sourceTree = "<group>";
		};
		FC978FF11B8A3AAD001AAC0A /* Panic */ = {
			isa = PBXGroup;
			children = (
				FC97901A1B8A3B7F001AAC0A /* Panic.xcdatamodeld */,
				FC9790181B8A3B76001AAC0A /* ViewController.swift */,
				FC9790481B8A4F14001AAC0A /* SettingsViewController.swift */,
				FC9790471B8A4A81001AAC0A /* Networking */,
				FC97902F1B8A3BE0001AAC0A /* View */,
				FC978FF21B8A3AAD001AAC0A /* Supporting Files */,
			);
			path = Panic;
			sourceTree = "<group>";
		};
		FC978FF21B8A3AAD001AAC0A /* Supporting Files */ = {
			isa = PBXGroup;
			children = (
				FC9790431B8A3CB2001AAC0A /* Info.plist */,
				FC9790411B8A3C82001AAC0A /* MaterialKit */,
				FC97901D1B8A3B85001AAC0A /* Alamofire.swift */,
				FC9790581B8A5AB7001AAC0A /* SwiftyJSON.swift */,
				FC97901E1B8A3B85001AAC0A /* AppDelegate.swift */,
				FC9790541B8A57F0001AAC0A /* Constants.swift */,
				FC9790171B8A3B75001AAC0A /* Panic-Bridging-Header.h */,
				FC9790211B8A3B85001AAC0A /* Images.xcassets */,
			);
			name = "Supporting Files";
			sourceTree = "<group>";
		};
		FC97900A1B8A3AAD001AAC0A /* PanicTests */ = {
			isa = PBXGroup;
			children = (
				FC97900D1B8A3AAD001AAC0A /* PanicTests.swift */,
				FC97900B1B8A3AAD001AAC0A /* Supporting Files */,
			);
			path = PanicTests;
			sourceTree = "<group>";
		};
		FC97900B1B8A3AAD001AAC0A /* Supporting Files */ = {
			isa = PBXGroup;
			children = (
				FC97900C1B8A3AAD001AAC0A /* Info.plist */,
			);
			name = "Supporting Files";
			sourceTree = "<group>";
		};
		FC97902F1B8A3BE0001AAC0A /* View */ = {
			isa = PBXGroup;
			children = (
				FC97902B1B8A3BDC001AAC0A /* LaunchScreen.xib */,
				FC97902C1B8A3BDC001AAC0A /* Main.storyboard */,
			);
			name = View;
			sourceTree = "<group>";
		};
		FC9790411B8A3C82001AAC0A /* MaterialKit */ = {
			isa = PBXGroup;
			children = (
				FC9790331B8A3C7D001AAC0A /* MKButton.swift */,
				FC9790341B8A3C7D001AAC0A /* MKColor.swift */,
				FC9790351B8A3C7D001AAC0A /* MKImageView.swift */,
				FC9790361B8A3C7D001AAC0A /* MKLabel.swift */,
				FC9790371B8A3C7D001AAC0A /* MKLayer.swift */,
				FC9790381B8A3C7D001AAC0A /* MKTableViewCell.swift */,
				FC9790391B8A3C7D001AAC0A /* MKTextField.swift */,
			);
			name = MaterialKit;
			sourceTree = "<group>";
		};
		FC9790471B8A4A81001AAC0A /* Networking */ = {
			isa = PBXGroup;
			children = (
				FC9790561B8A59FE001AAC0A /* RESTCall.swift */,
				FC97904C1B8A53F0001AAC0A /* Location.swift */,
				FC9790521B8A57C2001AAC0A /* ReverseGeocode.swift */,
				FC9790451B8A4A7D001AAC0A /* CallAPhone.swift */,
				FC97904E1B8A5587001AAC0A /* AlertForUserLocation.swift */,
				FC9790501B8A55E6001AAC0A /* SendMessage.swift */,
			);
			name = Networking;
			sourceTree = "<group>";
		};
/* End PBXGroup section */

/* Begin PBXNativeTarget section */
		FC978FEE1B8A3AAD001AAC0A /* Panic */ = {
			isa = PBXNativeTarget;
			buildConfigurationList = FC9790111B8A3AAD001AAC0A /* Build configuration list for PBXNativeTarget "Panic" */;
			buildPhases = (
				FC978FEB1B8A3AAD001AAC0A /* Sources */,
				FC978FEC1B8A3AAD001AAC0A /* Frameworks */,
				FC978FED1B8A3AAD001AAC0A /* Resources */,
			);
			buildRules = (
			);
			dependencies = (
			);
			name = Panic;
			productName = Panic;
			productReference = FC978FEF1B8A3AAD001AAC0A /* Panic.app */;
			productType = "com.apple.product-type.application";
		};
		FC9790061B8A3AAD001AAC0A /* PanicTests */ = {
			isa = PBXNativeTarget;
			buildConfigurationList = FC9790141B8A3AAD001AAC0A /* Build configuration list for PBXNativeTarget "PanicTests" */;
			buildPhases = (
				FC9790031B8A3AAD001AAC0A /* Sources */,
				FC9790041B8A3AAD001AAC0A /* Frameworks */,
				FC9790051B8A3AAD001AAC0A /* Resources */,
			);
			buildRules = (
			);
			dependencies = (
				FC9790091B8A3AAD001AAC0A /* PBXTargetDependency */,
			);
			name = PanicTests;
			productName = PanicTests;
			productReference = FC9790071B8A3AAD001AAC0A /* PanicTests.xctest */;
			productType = "com.apple.product-type.bundle.unit-test";
		};
/* End PBXNativeTarget section */

/* Begin PBXProject section */
		FC978FE71B8A3AAD001AAC0A /* Project object */ = {
			isa = PBXProject;
			attributes = {
				LastUpgradeCheck = 0640;
				ORGANIZATIONNAME = "Ameri, Inc.";
				TargetAttributes = {
					FC978FEE1B8A3AAD001AAC0A = {
						CreatedOnToolsVersion = 6.4;
					};
					FC9790061B8A3AAD001AAC0A = {
						CreatedOnToolsVersion = 6.4;
						TestTargetID = FC978FEE1B8A3AAD001AAC0A;
					};
				};
			};
			buildConfigurationList = FC978FEA1B8A3AAD001AAC0A /* Build configuration list for PBXProject "Panic" */;
			compatibilityVersion = "Xcode 3.2";
			developmentRegion = English;
			hasScannedForEncodings = 0;
			knownRegions = (
				en,
				Base,
			);
			mainGroup = FC978FE61B8A3AAD001AAC0A;
			productRefGroup = FC978FF01B8A3AAD001AAC0A /* Products */;
			projectDirPath = "";
			projectRoot = "";
			targets = (
				FC978FEE1B8A3AAD001AAC0A /* Panic */,
				FC9790061B8A3AAD001AAC0A /* PanicTests */,
			);
		};
/* End PBXProject section */

/* Begin PBXResourcesBuildPhase section */
		FC978FED1B8A3AAD001AAC0A /* Resources */ = {
			isa = PBXResourcesBuildPhase;
			buildActionMask = 2147483647;
			files = (
				FC9790441B8A3CB2001AAC0A /* Info.plist in Resources */,
				FC97902D1B8A3BDC001AAC0A /* LaunchScreen.xib in Resources */,
				FC97902E1B8A3BDC001AAC0A /* Main.storyboard in Resources */,
				FC9790281B8A3B85001AAC0A /* Images.xcassets in Resources */,
			);
			runOnlyForDeploymentPostprocessing = 0;
		};
		FC9790051B8A3AAD001AAC0A /* Resources */ = {
			isa = PBXResourcesBuildPhase;
			buildActionMask = 2147483647;
			files = (
			);
			runOnlyForDeploymentPostprocessing = 0;
		};
/* End PBXResourcesBuildPhase section */

/* Begin PBXSourcesBuildPhase section */
		FC978FEB1B8A3AAD001AAC0A /* Sources */ = {
			isa = PBXSourcesBuildPhase;
			buildActionMask = 2147483647;
			files = (
				FC9790251B8A3B85001AAC0A /* AppDelegate.swift in Sources */,
				FC97903F1B8A3C7D001AAC0A /* MKTableViewCell.swift in Sources */,
				FC9790571B8A59FE001AAC0A /* RESTCall.swift in Sources */,
				FC9790591B8A5AB7001AAC0A /* SwiftyJSON.swift in Sources */,
				FC97903E1B8A3C7D001AAC0A /* MKLayer.swift in Sources */,
				FC9790241B8A3B85001AAC0A /* Alamofire.swift in Sources */,
				FC97903C1B8A3C7D001AAC0A /* MKImageView.swift in Sources */,
				FC97903D1B8A3C7D001AAC0A /* MKLabel.swift in Sources */,
				FC97904D1B8A53F0001AAC0A /* Location.swift in Sources */,
				FC9790191B8A3B76001AAC0A /* ViewController.swift in Sources */,
				FC97903A1B8A3C7D001AAC0A /* MKButton.swift in Sources */,
				FC97901C1B8A3B7F001AAC0A /* Panic.xcdatamodeld in Sources */,
				FC9790401B8A3C7D001AAC0A /* MKTextField.swift in Sources */,
				FC9790511B8A55E6001AAC0A /* SendMessage.swift in Sources */,
				FC9790491B8A4F14001AAC0A /* SettingsViewController.swift in Sources */,
				FC9790461B8A4A7D001AAC0A /* CallAPhone.swift in Sources */,
				FC97904F1B8A5587001AAC0A /* AlertForUserLocation.swift in Sources */,
				FC9790531B8A57C2001AAC0A /* ReverseGeocode.swift in Sources */,
				FC97903B1B8A3C7D001AAC0A /* MKColor.swift in Sources */,
				FC9790551B8A57F0001AAC0A /* Constants.swift in Sources */,
			);
			runOnlyForDeploymentPostprocessing = 0;
		};
		FC9790031B8A3AAD001AAC0A /* Sources */ = {
			isa = PBXSourcesBuildPhase;
			buildActionMask = 2147483647;
			files = (
				FC97900E1B8A3AAD001AAC0A /* PanicTests.swift in Sources */,
			);
			runOnlyForDeploymentPostprocessing = 0;
		};
/* End PBXSourcesBuildPhase section */

/* Begin PBXTargetDependency section */
		FC9790091B8A3AAD001AAC0A /* PBXTargetDependency */ = {
			isa = PBXTargetDependency;
			target = FC978FEE1B8A3AAD001AAC0A /* Panic */;
			targetProxy = FC9790081B8A3AAD001AAC0A /* PBXContainerItemProxy */;
		};
/* End PBXTargetDependency section */

/* Begin XCBuildConfiguration section */
		FC97900F1B8A3AAD001AAC0A /* Debug */ = {
			isa = XCBuildConfiguration;
			buildSettings = {
				ALWAYS_SEARCH_USER_PATHS = NO;
				CLANG_CXX_LANGUAGE_STANDARD = "gnu++0x";
				CLANG_CXX_LIBRARY = "libc++";
				CLANG_ENABLE_MODULES = YES;
				CLANG_ENABLE_OBJC_ARC = YES;
				CLANG_WARN_BOOL_CONVERSION = YES;
				CLANG_WARN_CONSTANT_CONVERSION = YES;
				CLANG_WARN_DIRECT_OBJC_ISA_USAGE = YES_ERROR;
				CLANG_WARN_EMPTY_BODY = YES;
				CLANG_WARN_ENUM_CONVERSION = YES;
				CLANG_WARN_INT_CONVERSION = YES;
				CLANG_WARN_OBJC_ROOT_CLASS = YES_ERROR;
				CLANG_WARN_UNREACHABLE_CODE = YES;
				CLANG_WARN__DUPLICATE_METHOD_MATCH = YES;
				"CODE_SIGN_IDENTITY[sdk=iphoneos*]" = "iPhone Developer";
				COPY_PHASE_STRIP = NO;
				DEBUG_INFORMATION_FORMAT = "dwarf-with-dsym";
				ENABLE_STRICT_OBJC_MSGSEND = YES;
				GCC_C_LANGUAGE_STANDARD = gnu99;
				GCC_DYNAMIC_NO_PIC = NO;
				GCC_NO_COMMON_BLOCKS = YES;
				GCC_OPTIMIZATION_LEVEL = 0;
				GCC_PREPROCESSOR_DEFINITIONS = (
					"DEBUG=1",
					"$(inherited)",
				);
				GCC_SYMBOLS_PRIVATE_EXTERN = NO;
				GCC_WARN_64_TO_32_BIT_CONVERSION = YES;
				GCC_WARN_ABOUT_RETURN_TYPE = YES_ERROR;
				GCC_WARN_UNDECLARED_SELECTOR = YES;
				GCC_WARN_UNINITIALIZED_AUTOS = YES_AGGRESSIVE;
				GCC_WARN_UNUSED_FUNCTION = YES;
				GCC_WARN_UNUSED_VARIABLE = YES;
				IPHONEOS_DEPLOYMENT_TARGET = 8.4;
				MTL_ENABLE_DEBUG_INFO = YES;
				ONLY_ACTIVE_ARCH = YES;
				SDKROOT = iphoneos;
				SWIFT_OPTIMIZATION_LEVEL = "-Onone";
			};
			name = Debug;
		};
		FC9790101B8A3AAD001AAC0A /* Release */ = {
			isa = XCBuildConfiguration;
			buildSettings = {
				ALWAYS_SEARCH_USER_PATHS = NO;
				CLANG_CXX_LANGUAGE_STANDARD = "gnu++0x";
				CLANG_CXX_LIBRARY = "libc++";
				CLANG_ENABLE_MODULES = YES;
				CLANG_ENABLE_OBJC_ARC = YES;
				CLANG_WARN_BOOL_CONVERSION = YES;
				CLANG_WARN_CONSTANT_CONVERSION = YES;
				CLANG_WARN_DIRECT_OBJC_ISA_USAGE = YES_ERROR;
				CLANG_WARN_EMPTY_BODY = YES;
				CLANG_WARN_ENUM_CONVERSION = YES;
				CLANG_WARN_INT_CONVERSION = YES;
				CLANG_WARN_OBJC_ROOT_CLASS = YES_ERROR;
				CLANG_WARN_UNREACHABLE_CODE = YES;
				CLANG_WARN__DUPLICATE_METHOD_MATCH = YES;
				"CODE_SIGN_IDENTITY[sdk=iphoneos*]" = "iPhone Developer";
				COPY_PHASE_STRIP = NO;
				DEBUG_INFORMATION_FORMAT = "dwarf-with-dsym";
				ENABLE_NS_ASSERTIONS = NO;
				ENABLE_STRICT_OBJC_MSGSEND = YES;
				GCC_C_LANGUAGE_STANDARD = gnu99;
				GCC_NO_COMMON_BLOCKS = YES;
				GCC_WARN_64_TO_32_BIT_CONVERSION = YES;
				GCC_WARN_ABOUT_RETURN_TYPE = YES_ERROR;
				GCC_WARN_UNDECLARED_SELECTOR = YES;
				GCC_WARN_UNINITIALIZED_AUTOS = YES_AGGRESSIVE;
				GCC_WARN_UNUSED_FUNCTION = YES;
				GCC_WARN_UNUSED_VARIABLE = YES;
				IPHONEOS_DEPLOYMENT_TARGET = 8.4;
				MTL_ENABLE_DEBUG_INFO = NO;
				SDKROOT = iphoneos;
				VALIDATE_PRODUCT = YES;
			};
			name = Release;
		};
		FC9790121B8A3AAD001AAC0A /* Debug */ = {
			isa = XCBuildConfiguration;
			buildSettings = {
				ASSETCATALOG_COMPILER_APPICON_NAME = AppIcon;
				CLANG_ENABLE_MODULES = YES;
				INFOPLIST_FILE = "$(SRCROOT)/Panic/SupportingFiles/Info.plist";
				LD_RUNPATH_SEARCH_PATHS = "$(inherited) @executable_path/Frameworks";
				PRODUCT_NAME = "$(TARGET_NAME)";
				SWIFT_OBJC_BRIDGING_HEADER = "Panic/Panic-Bridging-Header.h";
				SWIFT_OPTIMIZATION_LEVEL = "-Onone";
			};
			name = Debug;
		};
		FC9790131B8A3AAD001AAC0A /* Release */ = {
			isa = XCBuildConfiguration;
			buildSettings = {
				ASSETCATALOG_COMPILER_APPICON_NAME = AppIcon;
				CLANG_ENABLE_MODULES = YES;
				INFOPLIST_FILE = "$(SRCROOT)/Panic/SupportingFiles/Info.plist";
				LD_RUNPATH_SEARCH_PATHS = "$(inherited) @executable_path/Frameworks";
				PRODUCT_NAME = "$(TARGET_NAME)";
				SWIFT_OBJC_BRIDGING_HEADER = "Panic/Panic-Bridging-Header.h";
			};
			name = Release;
		};
		FC9790151B8A3AAD001AAC0A /* Debug */ = {
			isa = XCBuildConfiguration;
			buildSettings = {
				BUNDLE_LOADER = "$(TEST_HOST)";
				FRAMEWORK_SEARCH_PATHS = (
					"$(SDKROOT)/Developer/Library/Frameworks",
					"$(inherited)",
				);
				GCC_PREPROCESSOR_DEFINITIONS = (
					"DEBUG=1",
					"$(inherited)",
				);
				INFOPLIST_FILE = PanicTests/Info.plist;
				LD_RUNPATH_SEARCH_PATHS = "$(inherited) @executable_path/Frameworks @loader_path/Frameworks";
				PRODUCT_NAME = "$(TARGET_NAME)";
				TEST_HOST = "$(BUILT_PRODUCTS_DIR)/Panic.app/Panic";
			};
			name = Debug;
		};
		FC9790161B8A3AAD001AAC0A /* Release */ = {
			isa = XCBuildConfiguration;
			buildSettings = {
				BUNDLE_LOADER = "$(TEST_HOST)";
				FRAMEWORK_SEARCH_PATHS = (
					"$(SDKROOT)/Developer/Library/Frameworks",
					"$(inherited)",
				);
				INFOPLIST_FILE = PanicTests/Info.plist;
				LD_RUNPATH_SEARCH_PATHS = "$(inherited) @executable_path/Frameworks @loader_path/Frameworks";
				PRODUCT_NAME = "$(TARGET_NAME)";
				TEST_HOST = "$(BUILT_PRODUCTS_DIR)/Panic.app/Panic";
			};
			name = Release;
		};
/* End XCBuildConfiguration section */

/* Begin XCConfigurationList section */
		FC978FEA1B8A3AAD001AAC0A /* Build configuration list for PBXProject "Panic" */ = {
			isa = XCConfigurationList;
			buildConfigurations = (
				FC97900F1B8A3AAD001AAC0A /* Debug */,
				FC9790101B8A3AAD001AAC0A /* Release */,
			);
			defaultConfigurationIsVisible = 0;
			defaultConfigurationName = Release;
		};
		FC9790111B8A3AAD001AAC0A /* Build configuration list for PBXNativeTarget "Panic" */ = {
			isa = XCConfigurationList;
			buildConfigurations = (
				FC9790121B8A3AAD001AAC0A /* Debug */,
				FC9790131B8A3AAD001AAC0A /* Release */,
			);
			defaultConfigurationIsVisible = 0;
			defaultConfigurationName = Release;
		};
		FC9790141B8A3AAD001AAC0A /* Build configuration list for PBXNativeTarget "PanicTests" */ = {
			isa = XCConfigurationList;
			buildConfigurations = (
				FC9790151B8A3AAD001AAC0A /* Debug */,
				FC9790161B8A3AAD001AAC0A /* Release */,
			);
			defaultConfigurationIsVisible = 0;
			defaultConfigurationName = Release;
		};
/* End XCConfigurationList section */

/* Begin XCVersionGroup section */
		FC97901A1B8A3B7F001AAC0A /* Panic.xcdatamodeld */ = {
			isa = XCVersionGroup;
			children = (
				FC97901B1B8A3B7F001AAC0A /* Panic.xcdatamodel */,
			);
			currentVersion = FC97901B1B8A3B7F001AAC0A /* Panic.xcdatamodel */;
			name = Panic.xcdatamodeld;
			path = Model/Panic.xcdatamodeld;
			sourceTree = "<group>";
			versionGroupType = wrapper.xcdatamodel;
		};
/* End XCVersionGroup section */
	};
	rootObject = FC978FE71B8A3AAD001AAC0A /* Project object */;
}
